
Microsoft Visual Studio Solution File, Format Version 12.00
# Visual Studio Version 16
VisualStudioVersion = 16.0.31424.327
MinimumVisualStudioVersion = 10.0.40219.1
Project("{FAE04EC0-301F-11D3-BF4B-00C04F79EFBC}") = "ChessAPI", "ChessAPI\ChessAPI.csproj", "{D4F5118D-8631-4516-9B62-6B19A519223D}"
EndProject
Project("{FAE04EC0-301F-11D3-BF4B-00C04F79EFBC}") = "Lib", "Lib\Lib.csproj", "{A11BC00F-198B-4F71-9809-53B33A574AEA}"
EndProject
Global
	GlobalSection(SolutionConfigurationPlatforms) = preSolution
		Debug|Any CPU = Debug|Any CPU
		Release|Any CPU = Release|Any CPU
	EndGlobalSection
	GlobalSection(ProjectConfigurationPlatforms) = postSolution
		{D4F5118D-8631-4516-9B62-6B19A519223D}.Debug|Any CPU.ActiveCfg = Debug|Any CPU
		{D4F5118D-8631-4516-9B62-6B19A519223D}.Debug|Any CPU.Build.0 = Debug|Any CPU
		{D4F5118D-8631-4516-9B62-6B19A519223D}.Release|Any CPU.ActiveCfg = Release|Any CPU
		{D4F5118D-8631-4516-9B62-6B19A519223D}.Release|Any CPU.Build.0 = Release|Any CPU
		{A11BC00F-198B-4F71-9809-53B33A574AEA}.Debug|Any CPU.ActiveCfg = Debug|Any CPU
		{A11BC00F-198B-4F71-9809-53B33A574AEA}.Debug|Any CPU.Build.0 = Debug|Any CPU
		{A11BC00F-198B-4F71-9809-53B33A574AEA}.Release|Any CPU.ActiveCfg = Release|Any CPU
		{A11BC00F-198B-4F71-9809-53B33A574AEA}.Release|Any CPU.Build.0 = Release|Any CPU
	EndGlobalSection
	GlobalSection(SolutionProperties) = preSolution
		HideSolutionNode = FALSE
	EndGlobalSection
	GlobalSection(ExtensibilityGlobals) = postSolution
		SolutionGuid = {B67485C7-A953-4F81-8390-B60C801677C0}
	EndGlobalSection
EndGlobal
